// !$*UTF8*$!
{
	archiveVersion = 1;
	classes = {
	};
	objectVersion = 55;
	objects = {

/* Begin PBXBuildFile section */
		751ACF6C27FABC4D0015647E /* MemoFunc.swift in Sources */ = {isa = PBXBuildFile; fileRef = 751ACF6B27FABC4D0015647E /* MemoFunc.swift */; };
		758ECDC027F2CC2D0019517F /* MemoApp.swift in Sources */ = {isa = PBXBuildFile; fileRef = 758ECDBF27F2CC2D0019517F /* MemoApp.swift */; };
		758ECDC227F2CC2D0019517F /* MemoList.swift in Sources */ = {isa = PBXBuildFile; fileRef = 758ECDC127F2CC2D0019517F /* MemoList.swift */; };
		758ECDC427F2CC2E0019517F /* Assets.xcassets in Resources */ = {isa = PBXBuildFile; fileRef = 758ECDC327F2CC2E0019517F /* Assets.xcassets */; };
		758ECDC727F2CC2E0019517F /* Preview Assets.xcassets in Resources */ = {isa = PBXBuildFile; fileRef = 758ECDC627F2CC2E0019517F /* Preview Assets.xcassets */; };
		758ECDD127F2CC6B0019517F /* MemoModel.swift in Sources */ = {isa = PBXBuildFile; fileRef = 758ECDD027F2CC6B0019517F /* MemoModel.swift */; };
		758ECDD327F2D0610019517F /* ViewModel.swift in Sources */ = {isa = PBXBuildFile; fileRef = 758ECDD227F2D0610019517F /* ViewModel.swift */; };
		758ECDD527F2D1D70019517F /* MemoView.swift in Sources */ = {isa = PBXBuildFile; fileRef = 758ECDD427F2D1D70019517F /* MemoView.swift */; };
		75C03ABD27F5844200E341CB /* DateFormatter.swift in Sources */ = {isa = PBXBuildFile; fileRef = 75C03ABC27F5844200E341CB /* DateFormatter.swift */; };
		75C03ABF27F58AD100E341CB /* MemoCell.swift in Sources */ = {isa = PBXBuildFile; fileRef = 75C03ABE27F58AD100E341CB /* MemoCell.swift */; };
/* End PBXBuildFile section */

/* Begin PBXFileReference section */
		751ACF6B27FABC4D0015647E /* MemoFunc.swift */ = {isa = PBXFileReference; lastKnownFileType = sourcecode.swift; path = MemoFunc.swift; sourceTree = "<group>"; };
		758ECDBC27F2CC2D0019517F /* Memo.app */ = {isa = PBXFileReference; explicitFileType = wrapper.application; includeInIndex = 0; path = Memo.app; sourceTree = BUILT_PRODUCTS_DIR; };
		758ECDBF27F2CC2D0019517F /* MemoApp.swift */ = {isa = PBXFileReference; lastKnownFileType = sourcecode.swift; path = MemoApp.swift; sourceTree = "<group>"; };
		758ECDC127F2CC2D0019517F /* MemoList.swift */ = {isa = PBXFileReference; lastKnownFileType = sourcecode.swift; path = MemoList.swift; sourceTree = "<group>"; };
		758ECDC327F2CC2E0019517F /* Assets.xcassets */ = {isa = PBXFileReference; lastKnownFileType = folder.assetcatalog; path = Assets.xcassets; sourceTree = "<group>"; };
		758ECDC627F2CC2E0019517F /* Preview Assets.xcassets */ = {isa = PBXFileReference; lastKnownFileType = folder.assetcatalog; path = "Preview Assets.xcassets"; sourceTree = "<group>"; };
		758ECDD027F2CC6B0019517F /* MemoModel.swift */ = {isa = PBXFileReference; lastKnownFileType = sourcecode.swift; path = MemoModel.swift; sourceTree = "<group>"; };
		758ECDD227F2D0610019517F /* ViewModel.swift */ = {isa = PBXFileReference; lastKnownFileType = sourcecode.swift; path = ViewModel.swift; sourceTree = "<group>"; };
		758ECDD427F2D1D70019517F /* MemoView.swift */ = {isa = PBXFileReference; lastKnownFileType = sourcecode.swift; path = MemoView.swift; sourceTree = "<group>"; };
		75C03ABC27F5844200E341CB /* DateFormatter.swift */ = {isa = PBXFileReference; lastKnownFileType = sourcecode.swift; path = DateFormatter.swift; sourceTree = "<group>"; };
		75C03ABE27F58AD100E341CB /* MemoCell.swift */ = {isa = PBXFileReference; lastKnownFileType = sourcecode.swift; path = MemoCell.swift; sourceTree = "<group>"; };
/* End PBXFileReference section */

/* Begin PBXFrameworksBuildPhase section */
		758ECDB927F2CC2D0019517F /* Frameworks */ = {
			isa = PBXFrameworksBuildPhase;
			buildActionMask = 2147483647;
			files = (
			);
			runOnlyForDeploymentPostprocessing = 0;
		};
/* End PBXFrameworksBuildPhase section */

/* Begin PBXGroup section */
		758ECDB327F2CC2D0019517F = {
			isa = PBXGroup;
			children = (
				758ECDBE27F2CC2D0019517F /* Memo */,
				758ECDBD27F2CC2D0019517F /* Products */,
			);
			sourceTree = "<group>";
		};
		758ECDBD27F2CC2D0019517F /* Products */ = {
			isa = PBXGroup;
			children = (
				758ECDBC27F2CC2D0019517F /* Memo.app */,
			);
			name = Products;
			sourceTree = "<group>";
		};
		758ECDBE27F2CC2D0019517F /* Memo */ = {
			isa = PBXGroup;
			children = (
				75C03ABB27F5842C00E341CB /* thirdParty */,
				758ECDCF27F2CC430019517F /* Model */,
				758ECDCE27F2CC3D0019517F /* ViewModel */,
				758ECDCD27F2CC380019517F /* View */,
				758ECDBF27F2CC2D0019517F /* MemoApp.swift */,
				758ECDC327F2CC2E0019517F /* Assets.xcassets */,
				758ECDC527F2CC2E0019517F /* Preview Content */,
			);
			path = Memo;
			sourceTree = "<group>";
		};
		758ECDC527F2CC2E0019517F /* Preview Content */ = {
			isa = PBXGroup;
			children = (
				758ECDC627F2CC2E0019517F /* Preview Assets.xcassets */,
			);
			path = "Preview Content";
			sourceTree = "<group>";
		};
		758ECDCD27F2CC380019517F /* View */ = {
			isa = PBXGroup;
			children = (
				758ECDC127F2CC2D0019517F /* MemoList.swift */,
				758ECDD427F2D1D70019517F /* MemoView.swift */,
				75C03ABE27F58AD100E341CB /* MemoCell.swift */,
			);
			path = View;
			sourceTree = "<group>";
		};
		758ECDCE27F2CC3D0019517F /* ViewModel */ = {
			isa = PBXGroup;
			children = (
				758ECDD227F2D0610019517F /* ViewModel.swift */,
				751ACF6B27FABC4D0015647E /* MemoFunc.swift */,
			);
			path = ViewModel;
			sourceTree = "<group>";
		};
		758ECDCF27F2CC430019517F /* Model */ = {
			isa = PBXGroup;
			children = (
				758ECDD027F2CC6B0019517F /* MemoModel.swift */,
			);
			path = Model;
			sourceTree = "<group>";
		};
		75C03ABB27F5842C00E341CB /* thirdParty */ = {
			isa = PBXGroup;
			children = (
				75C03ABC27F5844200E341CB /* DateFormatter.swift */,
			);
			path = thirdParty;
			sourceTree = "<group>";
		};
/* End PBXGroup section */

/* Begin PBXNativeTarget section */
		758ECDBB27F2CC2D0019517F /* Memo */ = {
			isa = PBXNativeTarget;
			buildConfigurationList = 758ECDCA27F2CC2E0019517F /* Build configuration list for PBXNativeTarget "Memo" */;
			buildPhases = (
				758ECDB827F2CC2D0019517F /* Sources */,
				758ECDB927F2CC2D0019517F /* Frameworks */,
				758ECDBA27F2CC2D0019517F /* Resources */,
			);
			buildRules = (
			);
			dependencies = (
			);
			name = Memo;
			productName = Memo;
			productReference = 758ECDBC27F2CC2D0019517F /* Memo.app */;
			productType = "com.apple.product-type.application";
		};
/* End PBXNativeTarget section */

/* Begin PBXProject section */
		758ECDB427F2CC2D0019517F /* Project object */ = {
			isa = PBXProject;
			attributes = {
				BuildIndependentTargetsInParallel = 1;
				LastSwiftUpdateCheck = 1330;
				LastUpgradeCheck = 1330;
				TargetAttributes = {
					758ECDBB27F2CC2D0019517F = {
						CreatedOnToolsVersion = 13.3;
					};
				};
			};
			buildConfigurationList = 758ECDB727F2CC2D0019517F /* Build configuration list for PBXProject "Memo" */;
			compatibilityVersion = "Xcode 13.0";
			developmentRegion = en;
			hasScannedForEncodings = 0;
			knownRegions = (
				en,
				Base,
			);
			mainGroup = 758ECDB327F2CC2D0019517F;
			productRefGroup = 758ECDBD27F2CC2D0019517F /* Products */;
			projectDirPath = "";
			projectRoot = "";
			targets = (
				758ECDBB27F2CC2D0019517F /* Memo */,
			);
		};
/* End PBXProject section */

/* Begin PBXResourcesBuildPhase section */
		758ECDBA27F2CC2D0019517F /* Resources */ = {
			isa = PBXResourcesBuildPhase;
			buildActionMask = 2147483647;
			files = (
				758ECDC727F2CC2E0019517F /* Preview Assets.xcassets in Resources */,
				758ECDC427F2CC2E0019517F /* Assets.xcassets in Resources */,
			);
			runOnlyForDeploymentPostprocessing = 0;
		};
/* End PBXResourcesBuildPhase section */

/* Begin PBXSourcesBuildPhase section */
		758ECDB827F2CC2D0019517F /* Sources */ = {
			isa = PBXSourcesBuildPhase;
			buildActionMask = 2147483647;
			files = (
				758ECDD527F2D1D70019517F /* MemoView.swift in Sources */,
				758ECDC227F2CC2D0019517F /* MemoList.swift in Sources */,
				75C03ABD27F5844200E341CB /* DateFormatter.swift in Sources */,
				751ACF6C27FABC4D0015647E /* MemoFunc.swift in Sources */,
				758ECDC027F2CC2D0019517F /* MemoApp.swift in Sources */,
				758ECDD327F2D0610019517F /* ViewModel.swift in Sources */,
				758ECDD127F2CC6B0019517F /* MemoModel.swift in Sources */,
				75C03ABF27F58AD100E341CB /* MemoCell.swift in Sources */,
			);
			runOnlyForDeploymentPostprocessing = 0;
		};
/* End PBXSourcesBuildPhase section */

/* Begin XCBuildConfiguration section */
		758ECDC827F2CC2E0019517F /* Debug */ = {
			isa = XCBuildConfiguration;
			buildSettings = {
				ALWAYS_SEARCH_USER_PATHS = NO;
				CLANG_ANALYZER_NONNULL = YES;
				CLANG_ANALYZER_NUMBER_OBJECT_CONVERSION = YES_AGGRESSIVE;
				CLANG_CXX_LANGUAGE_STANDARD = "gnu++17";
				CLANG_ENABLE_MODULES = YES;
				CLANG_ENABLE_OBJC_ARC = YES;
				CLANG_ENABLE_OBJC_WEAK = YES;
				CLANG_WARN_BLOCK_CAPTURE_AUTORELEASING = YES;
				CLANG_WARN_BOOL_CONVERSION = YES;
				CLANG_WARN_COMMA = YES;
				CLANG_WARN_CONSTANT_CONVERSION = YES;
				CLANG_WARN_DEPRECATED_OBJC_IMPLEMENTATIONS = YES;
				CLANG_WARN_DIRECT_OBJC_ISA_USAGE = YES_ERROR;
				CLANG_WARN_DOCUMENTATION_COMMENTS = YES;
				CLANG_WARN_EMPTY_BODY = YES;
				CLANG_WARN_ENUM_CONVERSION = YES;
				CLANG_WARN_INFINITE_RECURSION = YES;
				CLANG_WARN_INT_CONVERSION = YES;
				CLANG_WARN_NON_LITERAL_NULL_CONVERSION = YES;
				CLANG_WARN_OBJC_IMPLICIT_RETAIN_SELF = YES;
				CLANG_WARN_OBJC_LITERAL_CONVERSION = YES;
				CLANG_WARN_OBJC_ROOT_CLASS = YES_ERROR;
				CLANG_WARN_QUOTED_INCLUDE_IN_FRAMEWORK_HEADER = YES;
				CLANG_WARN_RANGE_LOOP_ANALYSIS = YES;
				CLANG_WARN_STRICT_PROTOTYPES = YES;
				CLANG_WARN_SUSPICIOUS_MOVE = YES;
				CLANG_WARN_UNGUARDED_AVAILABILITY = YES_AGGRESSIVE;
				CLANG_WARN_UNREACHABLE_CODE = YES;
				CLANG_WARN__DUPLICATE_METHOD_MATCH = YES;
				COPY_PHASE_STRIP = NO;
				DEBUG_INFORMATION_FORMAT = dwarf;
				ENABLE_STRICT_OBJC_MSGSEND = YES;
				ENABLE_TESTABILITY = YES;
				GCC_C_LANGUAGE_STANDARD = gnu11;
				GCC_DYNAMIC_NO_PIC = NO;
				GCC_NO_COMMON_BLOCKS = YES;
				GCC_OPTIMIZATION_LEVEL = 0;
				GCC_PREPROCESSOR_DEFINITIONS = (
					"DEBUG=1",
					"$(inherited)",
				);
				GCC_WARN_64_TO_32_BIT_CONVERSION = YES;
				GCC_WARN_ABOUT_RETURN_TYPE = YES_ERROR;
				GCC_WARN_UNDECLARED_SELECTOR = YES;
				GCC_WARN_UNINITIALIZED_AUTOS = YES_AGGRESSIVE;
				GCC_WARN_UNUSED_FUNCTION = YES;
				GCC_WARN_UNUSED_VARIABLE = YES;
				IPHONEOS_DEPLOYMENT_TARGET = 15.4;
				MTL_ENABLE_DEBUG_INFO = INCLUDE_SOURCE;
				MTL_FAST_MATH = YES;
				ONLY_ACTIVE_ARCH = YES;
				SDKROOT = iphoneos;
				SWIFT_ACTIVE_COMPILATION_CONDITIONS = DEBUG;
				SWIFT_OPTIMIZATION_LEVEL = "-Onone";
			};
			name = Debug;
		};
		758ECDC927F2CC2E0019517F /* Release */ = {
			isa = XCBuildConfiguration;
			buildSettings = {
				ALWAYS_SEARCH_USER_PATHS = NO;
				CLANG_ANALYZER_NONNULL = YES;
				CLANG_ANALYZER_NUMBER_OBJECT_CONVERSION = YES_AGGRESSIVE;
				CLANG_CXX_LANGUAGE_STANDARD = "gnu++17";
				CLANG_ENABLE_MODULES = YES;
				CLANG_ENABLE_OBJC_ARC = YES;
				CLANG_ENABLE_OBJC_WEAK = YES;
				CLANG_WARN_BLOCK_CAPTURE_AUTORELEASING = YES;
				CLANG_WARN_BOOL_CONVERSION = YES;
				CLANG_WARN_COMMA = YES;
				CLANG_WARN_CONSTANT_CONVERSION = YES;
				CLANG_WARN_DEPRECATED_OBJC_IMPLEMENTATIONS = YES;
				CLANG_WARN_DIRECT_OBJC_ISA_USAGE = YES_ERROR;
				CLANG_WARN_DOCUMENTATION_COMMENTS = YES;
				CLANG_WARN_EMPTY_BODY = YES;
				CLANG_WARN_ENUM_CONVERSION = YES;
				CLANG_WARN_INFINITE_RECURSION = YES;
				CLANG_WARN_INT_CONVERSION = YES;
				CLANG_WARN_NON_LITERAL_NULL_CONVERSION = YES;
				CLANG_WARN_OBJC_IMPLICIT_RETAIN_SELF = YES;
				CLANG_WARN_OBJC_LITERAL_CONVERSION = YES;
				CLANG_WARN_OBJC_ROOT_CLASS = YES_ERROR;
				CLANG_WARN_QUOTED_INCLUDE_IN_FRAMEWORK_HEADER = YES;
				CLANG_WARN_RANGE_LOOP_ANALYSIS = YES;
				CLANG_WARN_STRICT_PROTOTYPES = YES;
				CLANG_WARN_SUSPICIOUS_MOVE = YES;
				CLANG_WARN_UNGUARDED_AVAILABILITY = YES_AGGRESSIVE;
				CLANG_WARN_UNREACHABLE_CODE = YES;
				CLANG_WARN__DUPLICATE_METHOD_MATCH = YES;
				COPY_PHASE_STRIP = NO;
				DEBUG_INFORMATION_FORMAT = "dwarf-with-dsym";
				ENABLE_NS_ASSERTIONS = NO;
				ENABLE_STRICT_OBJC_MSGSEND = YES;
				GCC_C_LANGUAGE_STANDARD = gnu11;
				GCC_NO_COMMON_BLOCKS = YES;
				GCC_WARN_64_TO_32_BIT_CONVERSION = YES;
				GCC_WARN_ABOUT_RETURN_TYPE = YES_ERROR;
				GCC_WARN_UNDECLARED_SELECTOR = YES;
				GCC_WARN_UNINITIALIZED_AUTOS = YES_AGGRESSIVE;
				GCC_WARN_UNUSED_FUNCTION = YES;
				GCC_WARN_UNUSED_VARIABLE = YES;
				IPHONEOS_DEPLOYMENT_TARGET = 15.4;
				MTL_ENABLE_DEBUG_INFO = NO;
				MTL_FAST_MATH = YES;
				SDKROOT = iphoneos;
				SWIFT_COMPILATION_MODE = wholemodule;
				SWIFT_OPTIMIZATION_LEVEL = "-O";
				VALIDATE_PRODUCT = YES;
			};
			name = Release;
		};
		758ECDCB27F2CC2E0019517F /* Debug */ = {
			isa = XCBuildConfiguration;
			buildSettings = {
				ASSETCATALOG_COMPILER_APPICON_NAME = AppIcon;
				ASSETCATALOG_COMPILER_GLOBAL_ACCENT_COLOR_NAME = AccentColor;
				CODE_SIGN_STYLE = Automatic;
				CURRENT_PROJECT_VERSION = 1;
				DEVELOPMENT_ASSET_PATHS = "\"Memo/Preview Content\"";
				DEVELOPMENT_TEAM = 7N2TRX73U6;
				ENABLE_PREVIEWS = YES;
				GENERATE_INFOPLIST_FILE = YES;
				INFOPLIST_KEY_UIApplicationSceneManifest_Generation = YES;
				INFOPLIST_KEY_UIApplicationSupportsIndirectInputEvents = YES;
				INFOPLIST_KEY_UILaunchScreen_Generation = YES;
				INFOPLIST_KEY_UISupportedInterfaceOrientations_iPad = "UIInterfaceOrientationPortrait UIInterfaceOrientationPortraitUpsideDown UIInterfaceOrientationLandscapeLeft UIInterfaceOrientationLandscapeRight";
				INFOPLIST_KEY_UISupportedInterfaceOrientations_iPhone = "UIInterfaceOrientationPortrait UIInterfaceOrientationLandscapeLeft UIInterfaceOrientationLandscapeRight";
				LD_RUNPATH_SEARCH_PATHS = (
					"$(inherited)",
					"@executable_path/Frameworks",
				);
				MARKETING_VERSION = 1.0;
				PRODUCT_BUNDLE_IDENTIFIER = com.calmkeen.Memo;
				PRODUCT_NAME = "$(TARGET_NAME)";
				SWIFT_EMIT_LOC_STRINGS = YES;
				SWIFT_VERSION = 5.0;
				TARGETED_DEVICE_FAMILY = "1,2";
			};
			name = Debug;
		};
		758ECDCC27F2CC2E0019517F /* Release */ = {
			isa = XCBuildConfiguration;
			buildSettings = {
				ASSETCATALOG_COMPILER_APPICON_NAME = AppIcon;
				ASSETCATALOG_COMPILER_GLOBAL_ACCENT_COLOR_NAME = AccentColor;
				CODE_SIGN_STYLE = Automatic;
				CURRENT_PROJECT_VERSION = 1;
				DEVELOPMENT_ASSET_PATHS = "\"Memo/Preview Content\"";
				DEVELOPMENT_TEAM = 7N2TRX73U6;
				ENABLE_PREVIEWS = YES;
				GENERATE_INFOPLIST_FILE = YES;
				INFOPLIST_KEY_UIApplicationSceneManifest_Generation = YES;
				INFOPLIST_KEY_UIApplicationSupportsIndirectInputEvents = YES;
				INFOPLIST_KEY_UILaunchScreen_Generation = YES;
				INFOPLIST_KEY_UISupportedInterfaceOrientations_iPad = "UIInterfaceOrientationPortrait UIInterfaceOrientationPortraitUpsideDown UIInterfaceOrientationLandscapeLeft UIInterfaceOrientationLandscapeRight";
				INFOPLIST_KEY_UISupportedInterfaceOrientations_iPhone = "UIInterfaceOrientationPortrait UIInterfaceOrientationLandscapeLeft UIInterfaceOrientationLandscapeRight";
				LD_RUNPATH_SEARCH_PATHS = (
					"$(inherited)",
					"@executable_path/Frameworks",
				);
				MARKETING_VERSION = 1.0;
				PRODUCT_BUNDLE_IDENTIFIER = com.calmkeen.Memo;
				PRODUCT_NAME = "$(TARGET_NAME)";
				SWIFT_EMIT_LOC_STRINGS = YES;
				SWIFT_VERSION = 5.0;
				TARGETED_DEVICE_FAMILY = "1,2";
			};
			name = Release;
		};
/* End XCBuildConfiguration section */

/* Begin XCConfigurationList section */
		758ECDB727F2CC2D0019517F /* Build configuration list for PBXProject "Memo" */ = {
			isa = XCConfigurationList;
			buildConfigurations = (
				758ECDC827F2CC2E0019517F /* Debug */,
				758ECDC927F2CC2E0019517F /* Release */,
			);
			defaultConfigurationIsVisible = 0;
			defaultConfigurationName = Release;
		};
		758ECDCA27F2CC2E0019517F /* Build configuration list for PBXNativeTarget "Memo" */ = {
			isa = XCConfigurationList;
			buildConfigurations = (
				758ECDCB27F2CC2E0019517F /* Debug */,
				758ECDCC27F2CC2E0019517F /* Release */,
			);
			defaultConfigurationIsVisible = 0;
			defaultConfigurationName = Release;
		};
/* End XCConfigurationList section */
	};
	rootObject = 758ECDB427F2CC2D0019517F /* Project object */;
}
